
Microsoft Visual Studio Solution File, Format Version 12.00
# Visual Studio Version 17
VisualStudioVersion = 17.8.34330.188
MinimumVisualStudioVersion = 10.0.40219.1
Project("{9A19103F-16F7-4668-BE54-9A1E7A4F7556}") = "YoutubeSupportApp", "YoutubeSupportApp\YoutubeSupportApp.csproj", "{95E75865-6683-4CBA-9F3D-982ABBB64CD6}"
EndProject
Project("{54435603-DBB4-11D2-8724-00A0C9A8B90C}") = "YoutubeSupporterSetup", "YoutubeSupporterSetup\YoutubeSupporterSetup.vdproj", "{A18BBC99-98AD-433A-A0D9-38D597974AB2}"
EndProject
Global
	GlobalSection(SolutionConfigurationPlatforms) = preSolution
		Debug|Any CPU = Debug|Any CPU
		Debug|ARM = Debug|ARM
		Debug|ARM64 = Debug|ARM64
		Debug|x64 = Debug|x64
		Debug|x86 = Debug|x86
		Release|Any CPU = Release|Any CPU
		Release|ARM = Release|ARM
		Release|ARM64 = Release|ARM64
		Release|x64 = Release|x64
		Release|x86 = Release|x86
	EndGlobalSection
	GlobalSection(ProjectConfigurationPlatforms) = postSolution
		{95E75865-6683-4CBA-9F3D-982ABBB64CD6}.Debug|Any CPU.ActiveCfg = Debug|Any CPU
		{95E75865-6683-4CBA-9F3D-982ABBB64CD6}.Debug|Any CPU.Build.0 = Debug|Any CPU
		{95E75865-6683-4CBA-9F3D-982ABBB64CD6}.Debug|ARM.ActiveCfg = Debug|Any CPU
		{95E75865-6683-4CBA-9F3D-982ABBB64CD6}.Debug|ARM.Build.0 = Debug|Any CPU
		{95E75865-6683-4CBA-9F3D-982ABBB64CD6}.Debug|ARM64.ActiveCfg = Debug|Any CPU
		{95E75865-6683-4CBA-9F3D-982ABBB64CD6}.Debug|ARM64.Build.0 = Debug|Any CPU
		{95E75865-6683-4CBA-9F3D-982ABBB64CD6}.Debug|x64.ActiveCfg = Debug|Any CPU
		{95E75865-6683-4CBA-9F3D-982ABBB64CD6}.Debug|x64.Build.0 = Debug|Any CPU
		{95E75865-6683-4CBA-9F3D-982ABBB64CD6}.Debug|x86.ActiveCfg = Debug|Any CPU
		{95E75865-6683-4CBA-9F3D-982ABBB64CD6}.Debug|x86.Build.0 = Debug|Any CPU
		{95E75865-6683-4CBA-9F3D-982ABBB64CD6}.Release|Any CPU.ActiveCfg = Release|Any CPU
		{95E75865-6683-4CBA-9F3D-982ABBB64CD6}.Release|Any CPU.Build.0 = Release|Any CPU
		{95E75865-6683-4CBA-9F3D-982ABBB64CD6}.Release|ARM.ActiveCfg = Release|Any CPU
		{95E75865-6683-4CBA-9F3D-982ABBB64CD6}.Release|ARM.Build.0 = Release|Any CPU
		{95E75865-6683-4CBA-9F3D-982ABBB64CD6}.Release|ARM64.ActiveCfg = Release|Any CPU
		{95E75865-6683-4CBA-9F3D-982ABBB64CD6}.Release|ARM64.Build.0 = Release|Any CPU
		{95E75865-6683-4CBA-9F3D-982ABBB64CD6}.Release|x64.ActiveCfg = Release|Any CPU
		{95E75865-6683-4CBA-9F3D-982ABBB64CD6}.Release|x64.Build.0 = Release|Any CPU
		{95E75865-6683-4CBA-9F3D-982ABBB64CD6}.Release|x86.ActiveCfg = Release|Any CPU
		{95E75865-6683-4CBA-9F3D-982ABBB64CD6}.Release|x86.Build.0 = Release|Any CPU
		{A18BBC99-98AD-433A-A0D9-38D597974AB2}.Debug|Any CPU.ActiveCfg = Debug
		{A18BBC99-98AD-433A-A0D9-38D597974AB2}.Debug|ARM.ActiveCfg = Debug
		{A18BBC99-98AD-433A-A0D9-38D597974AB2}.Debug|ARM64.ActiveCfg = Debug
		{A18BBC99-98AD-433A-A0D9-38D597974AB2}.Debug|x64.ActiveCfg = Debug
		{A18BBC99-98AD-433A-A0D9-38D597974AB2}.Debug|x86.ActiveCfg = Debug
		{A18BBC99-98AD-433A-A0D9-38D597974AB2}.Release|Any CPU.ActiveCfg = Release
		{A18BBC99-98AD-433A-A0D9-38D597974AB2}.Release|ARM.ActiveCfg = Release
		{A18BBC99-98AD-433A-A0D9-38D597974AB2}.Release|ARM64.ActiveCfg = Release
		{A18BBC99-98AD-433A-A0D9-38D597974AB2}.Release|x64.ActiveCfg = Release
		{A18BBC99-98AD-433A-A0D9-38D597974AB2}.Release|x86.ActiveCfg = Release
	EndGlobalSection
	GlobalSection(SolutionProperties) = preSolution
		HideSolutionNode = FALSE
	EndGlobalSection
	GlobalSection(ExtensibilityGlobals) = postSolution
		SolutionGuid = {E0683403-3F87-4DB1-A8D3-04A1EF348866}
	EndGlobalSection
EndGlobal
